
Microsoft Visual Studio Solution File, Format Version 12.00
# Visual Studio Version 17
VisualStudioVersion = 17.5.002.0
MinimumVisualStudioVersion = 10.0.40219.1
Project("{9A19103F-16F7-4668-BE54-9A1E7A4F7556}") = "DeathWishCoffee", "DeathWishCoffee.csproj", "{A5498D4D-D138-461C-A8AC-CF71C8707341}"
EndProject
Global
	GlobalSection(SolutionConfigurationPlatforms) = preSolution
		Debug|Any CPU = Debug|Any CPU
		Release|Any CPU = Release|Any CPU
	EndGlobalSection
	GlobalSection(ProjectConfigurationPlatforms) = postSolution
		{A5498D4D-D138-461C-A8AC-CF71C8707341}.Debug|Any CPU.ActiveCfg = Debug|Any CPU
		{A5498D4D-D138-461C-A8AC-CF71C8707341}.Debug|Any CPU.Build.0 = Debug|Any CPU
		{A5498D4D-D138-461C-A8AC-CF71C8707341}.Release|Any CPU.ActiveCfg = Release|Any CPU
		{A5498D4D-D138-461C-A8AC-CF71C8707341}.Release|Any CPU.Build.0 = Release|Any CPU
	EndGlobalSection
	GlobalSection(SolutionProperties) = preSolution
		HideSolutionNode = FALSE
	EndGlobalSection
	GlobalSection(ExtensibilityGlobals) = postSolution
		SolutionGuid = {FC8F0637-83A6-488B-B60F-B493A739C2F4}
	EndGlobalSection
EndGlobal
