
Microsoft Visual Studio Solution File, Format Version 12.00
# Visual Studio Version 17
VisualStudioVersion = 17.7.34024.191
MinimumVisualStudioVersion = 10.0.40219.1
Project("{FAE04EC0-301F-11D3-BF4B-00C04F79EFBC}") = "DeathWishCoffee", "DeathWishCoffee.csproj", "{EE47FD45-4054-4981-A50B-D3A98CBCDDD9}"
EndProject
Global
	GlobalSection(SolutionConfigurationPlatforms) = preSolution
		Debug|Any CPU = Debug|Any CPU
		Release|Any CPU = Release|Any CPU
	EndGlobalSection
	GlobalSection(ProjectConfigurationPlatforms) = postSolution
		{EE47FD45-4054-4981-A50B-D3A98CBCDDD9}.Debug|Any CPU.ActiveCfg = Debug|Any CPU
		{EE47FD45-4054-4981-A50B-D3A98CBCDDD9}.Debug|Any CPU.Build.0 = Debug|Any CPU
		{EE47FD45-4054-4981-A50B-D3A98CBCDDD9}.Release|Any CPU.ActiveCfg = Release|Any CPU
		{EE47FD45-4054-4981-A50B-D3A98CBCDDD9}.Release|Any CPU.Build.0 = Release|Any CPU
	EndGlobalSection
	GlobalSection(SolutionProperties) = preSolution
		HideSolutionNode = FALSE
	EndGlobalSection
	GlobalSection(ExtensibilityGlobals) = postSolution
		SolutionGuid = {CBE39244-21C9-4F97-97D5-082522A7F5FA}
	EndGlobalSection
EndGlobal
